<?xml version="1.0" encoding="UTF-8" standalone="yes" ?>
<CodeBlocks_project_file>
	<FileVersion major="1" minor="6" />
	<Project>
		<Option title="KinectCoreVision" />
		<Option makefile_is_custom="1" />
		<Option pch_mode="2" />
		<Option compiler="gcc" />
		<Option virtualFolders="addons/;src/;addons/ofxOsc/src/;build config/;addons/ofxNetwork/src/;addons/ofxOpenCv/src/;addons/ofxXmlSettings/src/;src/ofxKCore/;src/ofxKCore/src/;src/ofxKCore/src/Calibration/;src/ofxKCore/src/Communitaction/;src/ofxKCore/src/Controls/;src/ofxKCore/src/Events/;src/ofxKCore/src/Filters/;src/ofxKCore/src/Templates/;src/ofxKCore/src/Tracking/;" />
		<Build>
			<Target title="Debug">
				<Option output="bin/$(PROJECT_NAME)_debug" prefix_auto="1" extension_auto="1" />
				<Option working_dir="bin" />
				<Option object_output="obj/Debug/" />
				<Option external_deps="../../../libs/openFrameworksCompiled/lib/linux/libopenFrameworksDebug.a;" />
				<Option type="1" />
				<Option compiler="gcc" />
				<Option projectLinkerOptionsRelation="2" />
			</Target>
			<Target title="Release">
				<Option output="bin/$(PROJECT_NAME)" prefix_auto="1" extension_auto="1" />
				<Option working_dir="bin" />
				<Option object_output="obj/Release/" />
				<Option external_deps="../../../libs/openFrameworksCompiled/lib/linux/libopenFrameworks.a;" />
				<Option type="1" />
				<Option compiler="gcc" />
				<Option projectLinkerOptionsRelation="2" />
			</Target>
		</Build>
		<Unit filename="../../../addons/ofxNetwork/src/ofxNetwork.h">
			<Option virtualFolder="addons/ofxNetwork/src" />
		</Unit>
		<Unit filename="../../../addons/ofxNetwork/src/ofxNetworkUtils.h">
			<Option virtualFolder="addons/ofxNetwork/src" />
		</Unit>
		<Unit filename="../../../addons/ofxNetwork/src/ofxTCPClient.cpp">
			<Option virtualFolder="addons/ofxNetwork/src" />
		</Unit>
		<Unit filename="../../../addons/ofxNetwork/src/ofxTCPClient.h">
			<Option virtualFolder="addons/ofxNetwork/src" />
		</Unit>
		<Unit filename="../../../addons/ofxNetwork/src/ofxTCPManager.cpp">
			<Option virtualFolder="addons/ofxNetwork/src" />
		</Unit>
		<Unit filename="../../../addons/ofxNetwork/src/ofxTCPManager.h">
			<Option virtualFolder="addons/ofxNetwork/src" />
		</Unit>
		<Unit filename="../../../addons/ofxNetwork/src/ofxTCPServer.cpp">
			<Option virtualFolder="addons/ofxNetwork/src" />
		</Unit>
		<Unit filename="../../../addons/ofxNetwork/src/ofxTCPServer.h">
			<Option virtualFolder="addons/ofxNetwork/src" />
		</Unit>
		<Unit filename="../../../addons/ofxNetwork/src/ofxUDPManager.cpp">
			<Option virtualFolder="addons/ofxNetwork/src" />
		</Unit>
		<Unit filename="../../../addons/ofxNetwork/src/ofxUDPManager.h">
			<Option virtualFolder="addons/ofxNetwork/src" />
		</Unit>
		<Unit filename="../../../addons/ofxOpenCv/src/ofxCvBlob.h">
			<Option virtualFolder="addons/ofxOpenCv/src" />
		</Unit>
		<Unit filename="../../../addons/ofxOpenCv/src/ofxCvColorImage.cpp">
			<Option virtualFolder="addons/ofxOpenCv/src" />
		</Unit>
		<Unit filename="../../../addons/ofxOpenCv/src/ofxCvColorImage.h">
			<Option virtualFolder="addons/ofxOpenCv/src" />
		</Unit>
		<Unit filename="../../../addons/ofxOpenCv/src/ofxCvConstants.h">
			<Option virtualFolder="addons/ofxOpenCv/src" />
		</Unit>
		<Unit filename="../../../addons/ofxOpenCv/src/ofxCvContourFinder.cpp">
			<Option virtualFolder="addons/ofxOpenCv/src" />
		</Unit>
		<Unit filename="../../../addons/ofxOpenCv/src/ofxCvContourFinder.h">
			<Option virtualFolder="addons/ofxOpenCv/src" />
		</Unit>
		<Unit filename="../../../addons/ofxOpenCv/src/ofxCvFloatImage.cpp">
			<Option virtualFolder="addons/ofxOpenCv/src" />
		</Unit>
		<Unit filename="../../../addons/ofxOpenCv/src/ofxCvFloatImage.h">
			<Option virtualFolder="addons/ofxOpenCv/src" />
		</Unit>
		<Unit filename="../../../addons/ofxOpenCv/src/ofxCvGrayscaleImage.cpp">
			<Option virtualFolder="addons/ofxOpenCv/src" />
		</Unit>
		<Unit filename="../../../addons/ofxOpenCv/src/ofxCvGrayscaleImage.h">
			<Option virtualFolder="addons/ofxOpenCv/src" />
		</Unit>
		<Unit filename="../../../addons/ofxOpenCv/src/ofxCvHaarFinder.cpp">
			<Option virtualFolder="addons/ofxOpenCv/src" />
		</Unit>
		<Unit filename="../../../addons/ofxOpenCv/src/ofxCvHaarFinder.h">
			<Option virtualFolder="addons/ofxOpenCv/src" />
		</Unit>
		<Unit filename="../../../addons/ofxOpenCv/src/ofxCvImage.cpp">
			<Option virtualFolder="addons/ofxOpenCv/src" />
		</Unit>
		<Unit filename="../../../addons/ofxOpenCv/src/ofxCvImage.h">
			<Option virtualFolder="addons/ofxOpenCv/src" />
		</Unit>
		<Unit filename="../../../addons/ofxOpenCv/src/ofxCvMain.h">
			<Option virtualFolder="addons/ofxOpenCv/src" />
		</Unit>
		<Unit filename="../../../addons/ofxOpenCv/src/ofxCvShortImage.cpp">
			<Option virtualFolder="addons/ofxOpenCv/src" />
		</Unit>
		<Unit filename="../../../addons/ofxOpenCv/src/ofxCvShortImage.h">
			<Option virtualFolder="addons/ofxOpenCv/src" />
		</Unit>
		<Unit filename="../../../addons/ofxOpenCv/src/ofxOpenCv.h">
			<Option virtualFolder="addons/ofxOpenCv/src" />
		</Unit>
		<Unit filename="../../../addons/ofxOsc/src/ofxOsc.h">
			<Option virtualFolder="addons/ofxOsc/src" />
		</Unit>
		<Unit filename="../../../addons/ofxOsc/src/ofxOscArg.h">
			<Option virtualFolder="addons/ofxOsc/src" />
		</Unit>
		<Unit filename="../../../addons/ofxOsc/src/ofxOscBundle.cpp">
			<Option virtualFolder="addons/ofxOsc/src" />
		</Unit>
		<Unit filename="../../../addons/ofxOsc/src/ofxOscBundle.h">
			<Option virtualFolder="addons/ofxOsc/src" />
		</Unit>
		<Unit filename="../../../addons/ofxOsc/src/ofxOscMessage.cpp">
			<Option virtualFolder="addons/ofxOsc/src" />
		</Unit>
		<Unit filename="../../../addons/ofxOsc/src/ofxOscMessage.h">
			<Option virtualFolder="addons/ofxOsc/src" />
		</Unit>
		<Unit filename="../../../addons/ofxOsc/src/ofxOscReceiver.cpp">
			<Option virtualFolder="addons/ofxOsc/src" />
		</Unit>
		<Unit filename="../../../addons/ofxOsc/src/ofxOscReceiver.h">
			<Option virtualFolder="addons/ofxOsc/src" />
		</Unit>
		<Unit filename="../../../addons/ofxOsc/src/ofxOscSender.cpp">
			<Option virtualFolder="addons/ofxOsc/src" />
		</Unit>
		<Unit filename="../../../addons/ofxOsc/src/ofxOscSender.h">
			<Option virtualFolder="addons/ofxOsc/src" />
		</Unit>
		<Unit filename="../../../addons/ofxXmlSettings/src/ofxXmlSettings.cpp">
			<Option virtualFolder="addons/ofxXmlSettings/src" />
		</Unit>
		<Unit filename="../../../addons/ofxXmlSettings/src/ofxXmlSettings.h">
			<Option virtualFolder="addons/ofxXmlSettings/src" />
		</Unit>
		<Unit filename="config.make">
			<Option virtualFolder="build config" />
		</Unit>
		<Unit filename="src/main.cpp">
			<Option virtualFolder="src/" />
		</Unit>
		<Unit filename="src/ofxKCore/src/Calibration/Calibration.cpp">
			<Option virtualFolder="src/ofxKCore/src/Calibration/" />
		</Unit>
		<Unit filename="src/ofxKCore/src/Calibration/Calibration.h">
			<Option virtualFolder="src/ofxKCore/src/Calibration/" />
		</Unit>
		<Unit filename="src/ofxKCore/src/Calibration/CalibrationUtils.cpp">
			<Option virtualFolder="src/ofxKCore/src/Calibration/" />
		</Unit>
		<Unit filename="src/ofxKCore/src/Calibration/CalibrationUtils.h">
			<Option virtualFolder="src/ofxKCore/src/Calibration/" />
		</Unit>
		<Unit filename="src/ofxKCore/src/Calibration/boxAlign.cpp">
			<Option virtualFolder="src/ofxKCore/src/Calibration/" />
		</Unit>
		<Unit filename="src/ofxKCore/src/Calibration/boxAlign.h">
			<Option virtualFolder="src/ofxKCore/src/Calibration/" />
		</Unit>
		<Unit filename="src/ofxKCore/src/Calibration/rect2d.h">
			<Option virtualFolder="src/ofxKCore/src/Calibration/" />
		</Unit>
		<Unit filename="src/ofxKCore/src/Calibration/vector2d.h">
			<Option virtualFolder="src/ofxKCore/src/Calibration/" />
		</Unit>
		<Unit filename="src/ofxKCore/src/Communication/TUIO.cpp">
			<Option virtualFolder="src/ofxKCore/src/Communitaction/" />
		</Unit>
		<Unit filename="src/ofxKCore/src/Communication/TUIO.h">
			<Option virtualFolder="src/ofxKCore/src/Communitaction/" />
		</Unit>
		<Unit filename="src/ofxKCore/src/Controls/gui.h">
			<Option virtualFolder="src/ofxKCore/src/Controls/" />
		</Unit>
		<Unit filename="src/ofxKCore/src/Controls/ofxGui.cpp">
			<Option virtualFolder="src/ofxKCore/src/Controls/" />
		</Unit>
		<Unit filename="src/ofxKCore/src/Controls/ofxGui.h">
			<Option virtualFolder="src/ofxKCore/src/Controls/" />
		</Unit>
		<Unit filename="src/ofxKCore/src/Controls/ofxGuiButton.cpp">
			<Option virtualFolder="src/ofxKCore/src/Controls/" />
		</Unit>
		<Unit filename="src/ofxKCore/src/Controls/ofxGuiButton.h">
			<Option virtualFolder="src/ofxKCore/src/Controls/" />
		</Unit>
		<Unit filename="src/ofxKCore/src/Controls/ofxGuiColor.cpp">
			<Option virtualFolder="src/ofxKCore/src/Controls/" />
		</Unit>
		<Unit filename="src/ofxKCore/src/Controls/ofxGuiColor.h">
			<Option virtualFolder="src/ofxKCore/src/Controls/" />
		</Unit>
		<Unit filename="src/ofxKCore/src/Controls/ofxGuiFiles.cpp">
			<Option virtualFolder="src/ofxKCore/src/Controls/" />
		</Unit>
		<Unit filename="src/ofxKCore/src/Controls/ofxGuiFiles.h">
			<Option virtualFolder="src/ofxKCore/src/Controls/" />
		</Unit>
		<Unit filename="src/ofxKCore/src/Controls/ofxGuiGlobals.cpp">
			<Option virtualFolder="src/ofxKCore/src/Controls/" />
		</Unit>
		<Unit filename="src/ofxKCore/src/Controls/ofxGuiGlobals.h">
			<Option virtualFolder="src/ofxKCore/src/Controls/" />
		</Unit>
		<Unit filename="src/ofxKCore/src/Controls/ofxGuiKnob.cpp">
			<Option virtualFolder="src/ofxKCore/src/Controls/" />
		</Unit>
		<Unit filename="src/ofxKCore/src/Controls/ofxGuiKnob.h">
			<Option virtualFolder="src/ofxKCore/src/Controls/" />
		</Unit>
		<Unit filename="src/ofxKCore/src/Controls/ofxGuiMatrix.cpp">
			<Option virtualFolder="src/ofxKCore/src/Controls/" />
		</Unit>
		<Unit filename="src/ofxKCore/src/Controls/ofxGuiMatrix.h">
			<Option virtualFolder="src/ofxKCore/src/Controls/" />
		</Unit>
		<Unit filename="src/ofxKCore/src/Controls/ofxGuiObject.cpp">
			<Option virtualFolder="src/ofxKCore/src/Controls/" />
		</Unit>
		<Unit filename="src/ofxKCore/src/Controls/ofxGuiObject.h">
			<Option virtualFolder="src/ofxKCore/src/Controls/" />
		</Unit>
		<Unit filename="src/ofxKCore/src/Controls/ofxGuiPanel.cpp">
			<Option virtualFolder="src/ofxKCore/src/Controls/" />
		</Unit>
		<Unit filename="src/ofxKCore/src/Controls/ofxGuiPanel.h">
			<Option virtualFolder="src/ofxKCore/src/Controls/" />
		</Unit>
		<Unit filename="src/ofxKCore/src/Controls/ofxGuiPoints.cpp">
			<Option virtualFolder="src/ofxKCore/src/Controls/" />
		</Unit>
		<Unit filename="src/ofxKCore/src/Controls/ofxGuiPoints.h">
			<Option virtualFolder="src/ofxKCore/src/Controls/" />
		</Unit>
		<Unit filename="src/ofxKCore/src/Controls/ofxGuiRadar.cpp">
			<Option virtualFolder="src/ofxKCore/src/Controls/" />
		</Unit>
		<Unit filename="src/ofxKCore/src/Controls/ofxGuiRadar.h">
			<Option virtualFolder="src/ofxKCore/src/Controls/" />
		</Unit>
		<Unit filename="src/ofxKCore/src/Controls/ofxGuiScope.cpp">
			<Option virtualFolder="src/ofxKCore/src/Controls/" />
		</Unit>
		<Unit filename="src/ofxKCore/src/Controls/ofxGuiScope.h">
			<Option virtualFolder="src/ofxKCore/src/Controls/" />
		</Unit>
		<Unit filename="src/ofxKCore/src/Controls/ofxGuiSlider.cpp">
			<Option virtualFolder="src/ofxKCore/src/Controls/" />
		</Unit>
		<Unit filename="src/ofxKCore/src/Controls/ofxGuiSlider.h">
			<Option virtualFolder="src/ofxKCore/src/Controls/" />
		</Unit>
		<Unit filename="src/ofxKCore/src/Controls/ofxGuiSwitch.cpp">
			<Option virtualFolder="src/ofxKCore/src/Controls/" />
		</Unit>
		<Unit filename="src/ofxKCore/src/Controls/ofxGuiSwitch.h">
			<Option virtualFolder="src/ofxKCore/src/Controls/" />
		</Unit>
		<Unit filename="src/ofxKCore/src/Controls/ofxGuiTypes.h">
			<Option virtualFolder="src/ofxKCore/src/Controls/" />
		</Unit>
		<Unit filename="src/ofxKCore/src/Controls/ofxGuiXYPad.cpp">
			<Option virtualFolder="src/ofxKCore/src/Controls/" />
		</Unit>
		<Unit filename="src/ofxKCore/src/Controls/ofxGuiXYPad.h">
			<Option virtualFolder="src/ofxKCore/src/Controls/" />
		</Unit>
		<Unit filename="src/ofxKCore/src/Events/TouchMessenger.cpp">
			<Option virtualFolder="src/ofxKCore/src/Events/" />
		</Unit>
		<Unit filename="src/ofxKCore/src/Events/TouchMessenger.h">
			<Option virtualFolder="src/ofxKCore/src/Events/" />
		</Unit>
		<Unit filename="src/ofxKCore/src/Filters/CPUImageFilter.cpp">
			<Option virtualFolder="src/ofxKCore/src/Filters/" />
		</Unit>
		<Unit filename="src/ofxKCore/src/Filters/CPUImageFilter.h">
			<Option virtualFolder="src/ofxKCore/src/Filters/" />
		</Unit>
		<Unit filename="src/ofxKCore/src/Filters/Filters.h">
			<Option virtualFolder="src/ofxKCore/src/Filters/" />
		</Unit>
		<Unit filename="src/ofxKCore/src/Filters/ProcessFilters.h">
			<Option virtualFolder="src/ofxKCore/src/Filters/" />
		</Unit>
		<Unit filename="src/ofxKCore/src/Templates/Template.h">
			<Option virtualFolder="src/ofxKCore/src/Templates/" />
		</Unit>
		<Unit filename="src/ofxKCore/src/Templates/TemplateUtils.cpp">
			<Option virtualFolder="src/ofxKCore/src/Templates/" />
		</Unit>
		<Unit filename="src/ofxKCore/src/Templates/TemplateUtils.h">
			<Option virtualFolder="src/ofxKCore/src/Templates/" />
		</Unit>
		<Unit filename="src/ofxKCore/src/Tracking/Blob.h">
			<Option virtualFolder="src/ofxKCore/src/Tracking/" />
		</Unit>
		<Unit filename="src/ofxKCore/src/Tracking/BlobManager.cpp">
			<Option virtualFolder="src/ofxKCore/src/Tracking/" />
		</Unit>
		<Unit filename="src/ofxKCore/src/Tracking/BlobManager.h">
			<Option virtualFolder="src/ofxKCore/src/Tracking/" />
		</Unit>
		<Unit filename="src/ofxKCore/src/Tracking/ContourFinder.cpp">
			<Option virtualFolder="src/ofxKCore/src/Tracking/" />
		</Unit>
		<Unit filename="src/ofxKCore/src/Tracking/ContourFinder.h">
			<Option virtualFolder="src/ofxKCore/src/Tracking/" />
		</Unit>
		<Unit filename="src/ofxKCore/src/Tracking/Tracking.cpp">
			<Option virtualFolder="src/ofxKCore/src/Tracking/" />
		</Unit>
		<Unit filename="src/ofxKCore/src/Tracking/Tracking.h">
			<Option virtualFolder="src/ofxKCore/src/Tracking/" />
		</Unit>
		<Unit filename="src/ofxKCore/src/ofxKCore.h">
			<Option virtualFolder="src/ofxKCore/src/" />
		</Unit>
		<Unit filename="src/ofxKCore/src/ofxKCoreVision.cpp">
			<Option virtualFolder="src/ofxKCore/src/" />
		</Unit>
		<Unit filename="src/ofxKCore/src/ofxKCoreVision.h">
			<Option virtualFolder="src/ofxKCore/src/" />
		</Unit>
		<Unit filename="src/testApp.cpp">
			<Option virtualFolder="src/" />
		</Unit>
		<Unit filename="src/testApp.h">
			<Option virtualFolder="src/" />
		</Unit>
		<Extensions>
			<code_completion />
			<envvars />
			<debugger />
		</Extensions>
	</Project>
</CodeBlocks_project_file>
